// !$*UTF8*$!
{
	archiveVersion = 1;
	classes = {
	};
	objectVersion = 56;
	objects = {

/* Begin PBXBuildFile section */
		EFEDC9822C03951B00E4C9DF /* 008.7kyu.SortOutTheMenFromBoys.swift in Sources */ = {isa = PBXBuildFile; fileRef = EFEDC9792C03951B00E4C9DF /* 008.7kyu.SortOutTheMenFromBoys.swift */; };
		EFEDC9832C03951B00E4C9DF /* 001. 8kyu. Convert a Boolean to a String.swift in Sources */ = {isa = PBXBuildFile; fileRef = EFEDC97A2C03951B00E4C9DF /* 001. 8kyu. Convert a Boolean to a String.swift */; };
		EFEDC9842C03951B00E4C9DF /* 004. 6kyu. Find the odd int.swift in Sources */ = {isa = PBXBuildFile; fileRef = EFEDC97B2C03951B00E4C9DF /* 004. 6kyu. Find the odd int.swift */; };
		EFEDC9852C03951B00E4C9DF /* 003. 8kyu. Beginner - Lost Without a Map .swift in Sources */ = {isa = PBXBuildFile; fileRef = EFEDC97C2C03951B00E4C9DF /* 003. 8kyu. Beginner - Lost Without a Map .swift */; };
		EFEDC9862C03951B00E4C9DF /* 002. 8kyu. Grasshopper - Check for factor.swift in Sources */ = {isa = PBXBuildFile; fileRef = EFEDC97D2C03951B00E4C9DF /* 002. 8kyu. Grasshopper - Check for factor.swift */; };
		EFEDC9872C03951B00E4C9DF /* 005. 6kyu. Rectangle into Squares.swift in Sources */ = {isa = PBXBuildFile; fileRef = EFEDC97E2C03951B00E4C9DF /* 005. 6kyu. Rectangle into Squares.swift */; };
		EFEDC9882C03951B00E4C9DF /* 006. 8kyu. Grasshopper - summation.swift in Sources */ = {isa = PBXBuildFile; fileRef = EFEDC97F2C03951B00E4C9DF /* 006. 8kyu. Grasshopper - summation.swift */; };
		EFEDC9892C03951B00E4C9DF /* 007. 7kyu.Shortest_word.swift in Sources */ = {isa = PBXBuildFile; fileRef = EFEDC9802C03951B00E4C9DF /* 007. 7kyu.Shortest_word.swift */; };
		EFEDC98A2C03951B00E4C9DF /* main.swift in Sources */ = {isa = PBXBuildFile; fileRef = EFEDC9812C03951B00E4C9DF /* main.swift */; };
/* End PBXBuildFile section */

/* Begin PBXCopyFilesBuildPhase section */
		EF670B492BEE4E69005D4C56 /* CopyFiles */ = {
			isa = PBXCopyFilesBuildPhase;
			buildActionMask = 2147483647;
			dstPath = /usr/share/man/man1/;
			dstSubfolderSpec = 0;
			files = (
			);
			runOnlyForDeploymentPostprocessing = 1;
		};
/* End PBXCopyFilesBuildPhase section */

/* Begin PBXFileReference section */
		EF670B4B2BEE4E69005D4C56 /* codeWarsTasks */ = {isa = PBXFileReference; explicitFileType = "compiled.mach-o.executable"; includeInIndex = 0; path = codeWarsTasks; sourceTree = BUILT_PRODUCTS_DIR; };
		EFEDC9792C03951B00E4C9DF /* 008.7kyu.SortOutTheMenFromBoys.swift */ = {isa = PBXFileReference; fileEncoding = 4; lastKnownFileType = sourcecode.swift; path = 008.7kyu.SortOutTheMenFromBoys.swift; sourceTree = "<group>"; };
		EFEDC97A2C03951B00E4C9DF /* 001. 8kyu. Convert a Boolean to a String.swift */ = {isa = PBXFileReference; fileEncoding = 4; lastKnownFileType = sourcecode.swift; path = "001. 8kyu. Convert a Boolean to a String.swift"; sourceTree = "<group>"; };
		EFEDC97B2C03951B00E4C9DF /* 004. 6kyu. Find the odd int.swift */ = {isa = PBXFileReference; fileEncoding = 4; lastKnownFileType = sourcecode.swift; path = "004. 6kyu. Find the odd int.swift"; sourceTree = "<group>"; };
		EFEDC97C2C03951B00E4C9DF /* 003. 8kyu. Beginner - Lost Without a Map .swift */ = {isa = PBXFileReference; fileEncoding = 4; lastKnownFileType = sourcecode.swift; path = "003. 8kyu. Beginner - Lost Without a Map .swift"; sourceTree = "<group>"; };
		EFEDC97D2C03951B00E4C9DF /* 002. 8kyu. Grasshopper - Check for factor.swift */ = {isa = PBXFileReference; fileEncoding = 4; lastKnownFileType = sourcecode.swift; path = "002. 8kyu. Grasshopper - Check for factor.swift"; sourceTree = "<group>"; };
		EFEDC97E2C03951B00E4C9DF /* 005. 6kyu. Rectangle into Squares.swift */ = {isa = PBXFileReference; fileEncoding = 4; lastKnownFileType = sourcecode.swift; path = "005. 6kyu. Rectangle into Squares.swift"; sourceTree = "<group>"; };
		EFEDC97F2C03951B00E4C9DF /* 006. 8kyu. Grasshopper - summation.swift */ = {isa = PBXFileReference; fileEncoding = 4; lastKnownFileType = sourcecode.swift; path = "006. 8kyu. Grasshopper - summation.swift"; sourceTree = "<group>"; };
		EFEDC9802C03951B00E4C9DF /* 007. 7kyu.Shortest_word.swift */ = {isa = PBXFileReference; fileEncoding = 4; lastKnownFileType = sourcecode.swift; path = "007. 7kyu.Shortest_word.swift"; sourceTree = "<group>"; };
		EFEDC9812C03951B00E4C9DF /* main.swift */ = {isa = PBXFileReference; fileEncoding = 4; lastKnownFileType = sourcecode.swift; path = main.swift; sourceTree = "<group>"; };
/* End PBXFileReference section */

/* Begin PBXFrameworksBuildPhase section */
		EF670B482BEE4E69005D4C56 /* Frameworks */ = {
			isa = PBXFrameworksBuildPhase;
			buildActionMask = 2147483647;
			files = (
			);
			runOnlyForDeploymentPostprocessing = 0;
		};
/* End PBXFrameworksBuildPhase section */

/* Begin PBXGroup section */
		EF670B422BEE4E69005D4C56 = {
			isa = PBXGroup;
			children = (
				EF670B4D2BEE4E69005D4C56 /* codeWarsTasks */,
				EF670B4C2BEE4E69005D4C56 /* Products */,
			);
			sourceTree = "<group>";
		};
		EF670B4C2BEE4E69005D4C56 /* Products */ = {
			isa = PBXGroup;
			children = (
				EF670B4B2BEE4E69005D4C56 /* codeWarsTasks */,
			);
			name = Products;
			sourceTree = "<group>";
		};
		EF670B4D2BEE4E69005D4C56 /* codeWarsTasks */ = {
			isa = PBXGroup;
			children = (
				EFEDC97A2C03951B00E4C9DF /* 001. 8kyu. Convert a Boolean to a String.swift */,
				EFEDC97D2C03951B00E4C9DF /* 002. 8kyu. Grasshopper - Check for factor.swift */,
				EFEDC97C2C03951B00E4C9DF /* 003. 8kyu. Beginner - Lost Without a Map .swift */,
				EFEDC97B2C03951B00E4C9DF /* 004. 6kyu. Find the odd int.swift */,
				EFEDC97E2C03951B00E4C9DF /* 005. 6kyu. Rectangle into Squares.swift */,
				EFEDC97F2C03951B00E4C9DF /* 006. 8kyu. Grasshopper - summation.swift */,
				EFEDC9802C03951B00E4C9DF /* 007. 7kyu.Shortest_word.swift */,
				EFEDC9792C03951B00E4C9DF /* 008.7kyu.SortOutTheMenFromBoys.swift */,
				EFEDC9812C03951B00E4C9DF /* main.swift */,
			);
			path = codeWarsTasks;
			sourceTree = "<group>";
		};
/* End PBXGroup section */

/* Begin PBXNativeTarget section */
		EF670B4A2BEE4E69005D4C56 /* codeWarsTasks */ = {
			isa = PBXNativeTarget;
			buildConfigurationList = EF670B522BEE4E69005D4C56 /* Build configuration list for PBXNativeTarget "codeWarsTasks" */;
			buildPhases = (
				EF670B472BEE4E69005D4C56 /* Sources */,
				EF670B482BEE4E69005D4C56 /* Frameworks */,
				EF670B492BEE4E69005D4C56 /* CopyFiles */,
			);
			buildRules = (
			);
			dependencies = (
			);
			name = codeWarsTasks;
			productName = codeWarsTasks;
			productReference = EF670B4B2BEE4E69005D4C56 /* codeWarsTasks */;
			productType = "com.apple.product-type.tool";
		};
/* End PBXNativeTarget section */

/* Begin PBXProject section */
		EF670B432BEE4E69005D4C56 /* Project object */ = {
			isa = PBXProject;
			attributes = {
				BuildIndependentTargetsInParallel = 1;
				LastSwiftUpdateCheck = 1530;
				LastUpgradeCheck = 1530;
				TargetAttributes = {
					EF670B4A2BEE4E69005D4C56 = {
						CreatedOnToolsVersion = 15.3;
					};
				};
			};
			buildConfigurationList = EF670B462BEE4E69005D4C56 /* Build configuration list for PBXProject "codeWarsTasks" */;
			compatibilityVersion = "Xcode 14.0";
			developmentRegion = en;
			hasScannedForEncodings = 0;
			knownRegions = (
				en,
				Base,
			);
			mainGroup = EF670B422BEE4E69005D4C56;
			productRefGroup = EF670B4C2BEE4E69005D4C56 /* Products */;
			projectDirPath = "";
			projectRoot = "";
			targets = (
				EF670B4A2BEE4E69005D4C56 /* codeWarsTasks */,
			);
		};
/* End PBXProject section */

/* Begin PBXSourcesBuildPhase section */
		EF670B472BEE4E69005D4C56 /* Sources */ = {
			isa = PBXSourcesBuildPhase;
			buildActionMask = 2147483647;
			files = (
				EFEDC9862C03951B00E4C9DF /* 002. 8kyu. Grasshopper - Check for factor.swift in Sources */,
				EFEDC98A2C03951B00E4C9DF /* main.swift in Sources */,
				EFEDC9832C03951B00E4C9DF /* 001. 8kyu. Convert a Boolean to a String.swift in Sources */,
				EFEDC9822C03951B00E4C9DF /* 008.7kyu.SortOutTheMenFromBoys.swift in Sources */,
				EFEDC9882C03951B00E4C9DF /* 006. 8kyu. Grasshopper - summation.swift in Sources */,
				EFEDC9892C03951B00E4C9DF /* 007. 7kyu.Shortest_word.swift in Sources */,
				EFEDC9872C03951B00E4C9DF /* 005. 6kyu. Rectangle into Squares.swift in Sources */,
				EFEDC9852C03951B00E4C9DF /* 003. 8kyu. Beginner - Lost Without a Map .swift in Sources */,
				EFEDC9842C03951B00E4C9DF /* 004. 6kyu. Find the odd int.swift in Sources */,
			);
			runOnlyForDeploymentPostprocessing = 0;
		};
/* End PBXSourcesBuildPhase section */

/* Begin XCBuildConfiguration section */
		EF670B502BEE4E69005D4C56 /* Debug */ = {
			isa = XCBuildConfiguration;
			buildSettings = {
				ALWAYS_SEARCH_USER_PATHS = NO;
				ASSETCATALOG_COMPILER_GENERATE_SWIFT_ASSET_SYMBOL_EXTENSIONS = YES;
				CLANG_ANALYZER_NONNULL = YES;
				CLANG_ANALYZER_NUMBER_OBJECT_CONVERSION = YES_AGGRESSIVE;
				CLANG_CXX_LANGUAGE_STANDARD = "gnu++20";
				CLANG_ENABLE_MODULES = YES;
				CLANG_ENABLE_OBJC_ARC = YES;
				CLANG_ENABLE_OBJC_WEAK = YES;
				CLANG_WARN_BLOCK_CAPTURE_AUTORELEASING = YES;
				CLANG_WARN_BOOL_CONVERSION = YES;
				CLANG_WARN_COMMA = YES;
				CLANG_WARN_CONSTANT_CONVERSION = YES;
				CLANG_WARN_DEPRECATED_OBJC_IMPLEMENTATIONS = YES;
				CLANG_WARN_DIRECT_OBJC_ISA_USAGE = YES_ERROR;
				CLANG_WARN_DOCUMENTATION_COMMENTS = YES;
				CLANG_WARN_EMPTY_BODY = YES;
				CLANG_WARN_ENUM_CONVERSION = YES;
				CLANG_WARN_INFINITE_RECURSION = YES;
				CLANG_WARN_INT_CONVERSION = YES;
				CLANG_WARN_NON_LITERAL_NULL_CONVERSION = YES;
				CLANG_WARN_OBJC_IMPLICIT_RETAIN_SELF = YES;
				CLANG_WARN_OBJC_LITERAL_CONVERSION = YES;
				CLANG_WARN_OBJC_ROOT_CLASS = YES_ERROR;
				CLANG_WARN_QUOTED_INCLUDE_IN_FRAMEWORK_HEADER = YES;
				CLANG_WARN_RANGE_LOOP_ANALYSIS = YES;
				CLANG_WARN_STRICT_PROTOTYPES = YES;
				CLANG_WARN_SUSPICIOUS_MOVE = YES;
				CLANG_WARN_UNGUARDED_AVAILABILITY = YES_AGGRESSIVE;
				CLANG_WARN_UNREACHABLE_CODE = YES;
				CLANG_WARN__DUPLICATE_METHOD_MATCH = YES;
				COPY_PHASE_STRIP = NO;
				DEBUG_INFORMATION_FORMAT = dwarf;
				ENABLE_STRICT_OBJC_MSGSEND = YES;
				ENABLE_TESTABILITY = YES;
				ENABLE_USER_SCRIPT_SANDBOXING = YES;
				GCC_C_LANGUAGE_STANDARD = gnu17;
				GCC_DYNAMIC_NO_PIC = NO;
				GCC_NO_COMMON_BLOCKS = YES;
				GCC_OPTIMIZATION_LEVEL = 0;
				GCC_PREPROCESSOR_DEFINITIONS = (
					"DEBUG=1",
					"$(inherited)",
				);
				GCC_WARN_64_TO_32_BIT_CONVERSION = YES;
				GCC_WARN_ABOUT_RETURN_TYPE = YES_ERROR;
				GCC_WARN_UNDECLARED_SELECTOR = YES;
				GCC_WARN_UNINITIALIZED_AUTOS = YES_AGGRESSIVE;
				GCC_WARN_UNUSED_FUNCTION = YES;
				GCC_WARN_UNUSED_VARIABLE = YES;
				LOCALIZATION_PREFERS_STRING_CATALOGS = YES;
				MACOSX_DEPLOYMENT_TARGET = 14.4;
				MTL_ENABLE_DEBUG_INFO = INCLUDE_SOURCE;
				MTL_FAST_MATH = YES;
				ONLY_ACTIVE_ARCH = YES;
				SDKROOT = macosx;
				SWIFT_ACTIVE_COMPILATION_CONDITIONS = "DEBUG $(inherited)";
				SWIFT_OPTIMIZATION_LEVEL = "-Onone";
			};
			name = Debug;
		};
		EF670B512BEE4E69005D4C56 /* Release */ = {
			isa = XCBuildConfiguration;
			buildSettings = {
				ALWAYS_SEARCH_USER_PATHS = NO;
				ASSETCATALOG_COMPILER_GENERATE_SWIFT_ASSET_SYMBOL_EXTENSIONS = YES;
				CLANG_ANALYZER_NONNULL = YES;
				CLANG_ANALYZER_NUMBER_OBJECT_CONVERSION = YES_AGGRESSIVE;
				CLANG_CXX_LANGUAGE_STANDARD = "gnu++20";
				CLANG_ENABLE_MODULES = YES;
				CLANG_ENABLE_OBJC_ARC = YES;
				CLANG_ENABLE_OBJC_WEAK = YES;
				CLANG_WARN_BLOCK_CAPTURE_AUTORELEASING = YES;
				CLANG_WARN_BOOL_CONVERSION = YES;
				CLANG_WARN_COMMA = YES;
				CLANG_WARN_CONSTANT_CONVERSION = YES;
				CLANG_WARN_DEPRECATED_OBJC_IMPLEMENTATIONS = YES;
				CLANG_WARN_DIRECT_OBJC_ISA_USAGE = YES_ERROR;
				CLANG_WARN_DOCUMENTATION_COMMENTS = YES;
				CLANG_WARN_EMPTY_BODY = YES;
				CLANG_WARN_ENUM_CONVERSION = YES;
				CLANG_WARN_INFINITE_RECURSION = YES;
				CLANG_WARN_INT_CONVERSION = YES;
				CLANG_WARN_NON_LITERAL_NULL_CONVERSION = YES;
				CLANG_WARN_OBJC_IMPLICIT_RETAIN_SELF = YES;
				CLANG_WARN_OBJC_LITERAL_CONVERSION = YES;
				CLANG_WARN_OBJC_ROOT_CLASS = YES_ERROR;
				CLANG_WARN_QUOTED_INCLUDE_IN_FRAMEWORK_HEADER = YES;
				CLANG_WARN_RANGE_LOOP_ANALYSIS = YES;
				CLANG_WARN_STRICT_PROTOTYPES = YES;
				CLANG_WARN_SUSPICIOUS_MOVE = YES;
				CLANG_WARN_UNGUARDED_AVAILABILITY = YES_AGGRESSIVE;
				CLANG_WARN_UNREACHABLE_CODE = YES;
				CLANG_WARN__DUPLICATE_METHOD_MATCH = YES;
				COPY_PHASE_STRIP = NO;
				DEBUG_INFORMATION_FORMAT = "dwarf-with-dsym";
				ENABLE_NS_ASSERTIONS = NO;
				ENABLE_STRICT_OBJC_MSGSEND = YES;
				ENABLE_USER_SCRIPT_SANDBOXING = YES;
				GCC_C_LANGUAGE_STANDARD = gnu17;
				GCC_NO_COMMON_BLOCKS = YES;
				GCC_WARN_64_TO_32_BIT_CONVERSION = YES;
				GCC_WARN_ABOUT_RETURN_TYPE = YES_ERROR;
				GCC_WARN_UNDECLARED_SELECTOR = YES;
				GCC_WARN_UNINITIALIZED_AUTOS = YES_AGGRESSIVE;
				GCC_WARN_UNUSED_FUNCTION = YES;
				GCC_WARN_UNUSED_VARIABLE = YES;
				LOCALIZATION_PREFERS_STRING_CATALOGS = YES;
				MACOSX_DEPLOYMENT_TARGET = 14.4;
				MTL_ENABLE_DEBUG_INFO = NO;
				MTL_FAST_MATH = YES;
				SDKROOT = macosx;
				SWIFT_COMPILATION_MODE = wholemodule;
			};
			name = Release;
		};
		EF670B532BEE4E69005D4C56 /* Debug */ = {
			isa = XCBuildConfiguration;
			buildSettings = {
				CODE_SIGN_STYLE = Automatic;
				DEVELOPMENT_TEAM = DVNKSLNML5;
				ENABLE_HARDENED_RUNTIME = YES;
				PRODUCT_NAME = "$(TARGET_NAME)";
				SWIFT_VERSION = 5.0;
			};
			name = Debug;
		};
		EF670B542BEE4E69005D4C56 /* Release */ = {
			isa = XCBuildConfiguration;
			buildSettings = {
				CODE_SIGN_STYLE = Automatic;
				DEVELOPMENT_TEAM = DVNKSLNML5;
				ENABLE_HARDENED_RUNTIME = YES;
				PRODUCT_NAME = "$(TARGET_NAME)";
				SWIFT_VERSION = 5.0;
			};
			name = Release;
		};
/* End XCBuildConfiguration section */

/* Begin XCConfigurationList section */
		EF670B462BEE4E69005D4C56 /* Build configuration list for PBXProject "codeWarsTasks" */ = {
			isa = XCConfigurationList;
			buildConfigurations = (
				EF670B502BEE4E69005D4C56 /* Debug */,
				EF670B512BEE4E69005D4C56 /* Release */,
			);
			defaultConfigurationIsVisible = 0;
			defaultConfigurationName = Release;
		};
		EF670B522BEE4E69005D4C56 /* Build configuration list for PBXNativeTarget "codeWarsTasks" */ = {
			isa = XCConfigurationList;
			buildConfigurations = (
				EF670B532BEE4E69005D4C56 /* Debug */,
				EF670B542BEE4E69005D4C56 /* Release */,
			);
			defaultConfigurationIsVisible = 0;
			defaultConfigurationName = Release;
		};
/* End XCConfigurationList section */
	};
	rootObject = EF670B432BEE4E69005D4C56 /* Project object */;
}
